
Microsoft Visual Studio Solution File, Format Version 12.00
# Visual Studio Version 17
VisualStudioVersion = 17.0.31903.59
MinimumVisualStudioVersion = 10.0.40219.1
Project("{2150E333-8FDC-42A3-9474-1A3956D46DE8}") = "src", "src", "{E743FFB0-A191-44F3-89E0-46BD68D23406}"
EndProject
Project("{FAE04EC0-301F-11D3-BF4B-00C04F79EFBC}") = "AGS.SmartShift.Domain", "src\AGS.SmartShift.Domain\AGS.SmartShift.Domain.csproj", "{97E18761-88DB-4778-8831-0BC054B3B65B}"
EndProject
Project("{FAE04EC0-301F-11D3-BF4B-00C04F79EFBC}") = "AGS.SmartShift.Application", "src\AGS.SmartShift.Application\AGS.SmartShift.Application.csproj", "{C1257151-BC4B-4375-AC6C-CDAC65B3578F}"
EndProject
Project("{FAE04EC0-301F-11D3-BF4B-00C04F79EFBC}") = "AGS.SmartShift.Infrastructure", "src\AGS.SmartShift.Infrastructure\AGS.SmartShift.Infrastructure.csproj", "{45F54FBB-A34E-433A-9ACE-F6D967B76A5A}"
EndProject
Project("{FAE04EC0-301F-11D3-BF4B-00C04F79EFBC}") = "AGS.SmartShift.Api", "src\AGS.SmartShift.Api\AGS.SmartShift.Api.csproj", "{FBF3F4EC-C650-4260-9AC2-32527F2B9B36}"
EndProject
Project("{2150E333-8FDC-42A3-9474-1A3956D46DE8}") = "tests", "tests", "{D3ADADB2-3880-4A4B-A3D7-D2D8914D0D13}"
EndProject
Project("{FAE04EC0-301F-11D3-BF4B-00C04F79EFBC}") = "AGS.SmartShift.Domain.UnitTests", "tests\AGS.SmartShift.Domain.UnitTests\AGS.SmartShift.Domain.UnitTests.csproj", "{9D333210-4547-4E3B-BAA7-10C7D48B1CF6}"
EndProject
Project("{FAE04EC0-301F-11D3-BF4B-00C04F79EFBC}") = "AGS.SmartShift.ArchitectureTests", "tests\AGS.SmartShift.ArchitectureTests\AGS.SmartShift.ArchitectureTests.csproj", "{5E7B34BB-62E9-4D03-9E89-DBC37A7B5CE2}"
EndProject
Project("{FAE04EC0-301F-11D3-BF4B-00C04F79EFBC}") = "AGS.SmartShift.Api.IntegrationTests", "tests\AGS.SmartShift.Api.IntegrationTests\AGS.SmartShift.Api.IntegrationTests.csproj", "{655E6999-F6E6-486C-8452-995C088321A4}"
EndProject
Global
	GlobalSection(SolutionConfigurationPlatforms) = preSolution
		Debug|Any CPU = Debug|Any CPU
		Release|Any CPU = Release|Any CPU
	EndGlobalSection
	GlobalSection(SolutionProperties) = preSolution
		HideSolutionNode = FALSE
	EndGlobalSection
	GlobalSection(ProjectConfigurationPlatforms) = postSolution
		{97E18761-88DB-4778-8831-0BC054B3B65B}.Debug|Any CPU.ActiveCfg = Debug|Any CPU
		{97E18761-88DB-4778-8831-0BC054B3B65B}.Debug|Any CPU.Build.0 = Debug|Any CPU
		{97E18761-88DB-4778-8831-0BC054B3B65B}.Release|Any CPU.ActiveCfg = Release|Any CPU
		{97E18761-88DB-4778-8831-0BC054B3B65B}.Release|Any CPU.Build.0 = Release|Any CPU
		{C1257151-BC4B-4375-AC6C-CDAC65B3578F}.Debug|Any CPU.ActiveCfg = Debug|Any CPU
		{C1257151-BC4B-4375-AC6C-CDAC65B3578F}.Debug|Any CPU.Build.0 = Debug|Any CPU
		{C1257151-BC4B-4375-AC6C-CDAC65B3578F}.Release|Any CPU.ActiveCfg = Release|Any CPU
		{C1257151-BC4B-4375-AC6C-CDAC65B3578F}.Release|Any CPU.Build.0 = Release|Any CPU
		{45F54FBB-A34E-433A-9ACE-F6D967B76A5A}.Debug|Any CPU.ActiveCfg = Debug|Any CPU
		{45F54FBB-A34E-433A-9ACE-F6D967B76A5A}.Debug|Any CPU.Build.0 = Debug|Any CPU
		{45F54FBB-A34E-433A-9ACE-F6D967B76A5A}.Release|Any CPU.ActiveCfg = Release|Any CPU
		{45F54FBB-A34E-433A-9ACE-F6D967B76A5A}.Release|Any CPU.Build.0 = Release|Any CPU
		{FBF3F4EC-C650-4260-9AC2-32527F2B9B36}.Debug|Any CPU.ActiveCfg = Debug|Any CPU
		{FBF3F4EC-C650-4260-9AC2-32527F2B9B36}.Debug|Any CPU.Build.0 = Debug|Any CPU
		{FBF3F4EC-C650-4260-9AC2-32527F2B9B36}.Release|Any CPU.ActiveCfg = Release|Any CPU
		{FBF3F4EC-C650-4260-9AC2-32527F2B9B36}.Release|Any CPU.Build.0 = Release|Any CPU
		{9D333210-4547-4E3B-BAA7-10C7D48B1CF6}.Debug|Any CPU.ActiveCfg = Debug|Any CPU
		{9D333210-4547-4E3B-BAA7-10C7D48B1CF6}.Debug|Any CPU.Build.0 = Debug|Any CPU
		{9D333210-4547-4E3B-BAA7-10C7D48B1CF6}.Release|Any CPU.ActiveCfg = Release|Any CPU
		{9D333210-4547-4E3B-BAA7-10C7D48B1CF6}.Release|Any CPU.Build.0 = Release|Any CPU
		{5E7B34BB-62E9-4D03-9E89-DBC37A7B5CE2}.Debug|Any CPU.ActiveCfg = Debug|Any CPU
		{5E7B34BB-62E9-4D03-9E89-DBC37A7B5CE2}.Debug|Any CPU.Build.0 = Debug|Any CPU
		{5E7B34BB-62E9-4D03-9E89-DBC37A7B5CE2}.Release|Any CPU.ActiveCfg = Release|Any CPU
		{5E7B34BB-62E9-4D03-9E89-DBC37A7B5CE2}.Release|Any CPU.Build.0 = Release|Any CPU
		{655E6999-F6E6-486C-8452-995C088321A4}.Debug|Any CPU.ActiveCfg = Debug|Any CPU
		{655E6999-F6E6-486C-8452-995C088321A4}.Debug|Any CPU.Build.0 = Debug|Any CPU
		{655E6999-F6E6-486C-8452-995C088321A4}.Release|Any CPU.ActiveCfg = Release|Any CPU
		{655E6999-F6E6-486C-8452-995C088321A4}.Release|Any CPU.Build.0 = Release|Any CPU
	EndGlobalSection
	GlobalSection(NestedProjects) = preSolution
		{97E18761-88DB-4778-8831-0BC054B3B65B} = {E743FFB0-A191-44F3-89E0-46BD68D23406}
		{C1257151-BC4B-4375-AC6C-CDAC65B3578F} = {E743FFB0-A191-44F3-89E0-46BD68D23406}
		{45F54FBB-A34E-433A-9ACE-F6D967B76A5A} = {E743FFB0-A191-44F3-89E0-46BD68D23406}
		{FBF3F4EC-C650-4260-9AC2-32527F2B9B36} = {E743FFB0-A191-44F3-89E0-46BD68D23406}
		{9D333210-4547-4E3B-BAA7-10C7D48B1CF6} = {D3ADADB2-3880-4A4B-A3D7-D2D8914D0D13}
		{5E7B34BB-62E9-4D03-9E89-DBC37A7B5CE2} = {D3ADADB2-3880-4A4B-A3D7-D2D8914D0D13}
		{655E6999-F6E6-486C-8452-995C088321A4} = {D3ADADB2-3880-4A4B-A3D7-D2D8914D0D13}
	EndGlobalSection
EndGlobal
